
Microsoft Visual Studio Solution File, Format Version 11.00
# Visual Studio 2010
Project("{FAE04EC0-301F-11D3-BF4B-00C04F79EFBC}") = "Web", "Web\Web.csproj", "{84DFE9D4-B269-4329-9428-EA5DB1960442}"
EndProject
Project("{FAE04EC0-301F-11D3-BF4B-00C04F79EFBC}") = "Model", "Model\Model.csproj", "{F3AFC43F-52C4-4289-ACD8-C4BB709E11DC}"
EndProject
Global
	GlobalSection(SolutionConfigurationPlatforms) = preSolution
		Debug|Any CPU = Debug|Any CPU
		Release|Any CPU = Release|Any CPU
	EndGlobalSection
	GlobalSection(ProjectConfigurationPlatforms) = postSolution
		{84DFE9D4-B269-4329-9428-EA5DB1960442}.Debug|Any CPU.ActiveCfg = Debug|Any CPU
		{84DFE9D4-B269-4329-9428-EA5DB1960442}.Debug|Any CPU.Build.0 = Debug|Any CPU
		{84DFE9D4-B269-4329-9428-EA5DB1960442}.Release|Any CPU.ActiveCfg = Release|Any CPU
		{84DFE9D4-B269-4329-9428-EA5DB1960442}.Release|Any CPU.Build.0 = Release|Any CPU
		{F3AFC43F-52C4-4289-ACD8-C4BB709E11DC}.Debug|Any CPU.ActiveCfg = Debug|Any CPU
		{F3AFC43F-52C4-4289-ACD8-C4BB709E11DC}.Debug|Any CPU.Build.0 = Debug|Any CPU
		{F3AFC43F-52C4-4289-ACD8-C4BB709E11DC}.Release|Any CPU.ActiveCfg = Release|Any CPU
		{F3AFC43F-52C4-4289-ACD8-C4BB709E11DC}.Release|Any CPU.Build.0 = Release|Any CPU
	EndGlobalSection
	GlobalSection(SolutionProperties) = preSolution
		HideSolutionNode = FALSE
	EndGlobalSection
EndGlobal
